
Microsoft Visual Studio Solution File, Format Version 12.00
# Visual Studio Version 16
VisualStudioVersion = 16.0.29102.190
MinimumVisualStudioVersion = 10.0.40219.1
Project("{FAE04EC0-301F-11D3-BF4B-00C04F79EFBC}") = "RassavadaNew.UWP", "RassavadaNew.UWP\RassavadaNew.UWP.csproj", "{9F176EA1-5A9F-42CA-A71F-343AC4112DC9}"
EndProject
Project("{FAE04EC0-301F-11D3-BF4B-00C04F79EFBC}") = "RassavadaNew.Android", "RassavadaNew.Android\RassavadaNew.Android.csproj", "{D055E659-035C-4107-92AB-1092729D873A}"
EndProject
Project("{FAE04EC0-301F-11D3-BF4B-00C04F79EFBC}") = "RassavadaNew.iOS", "RassavadaNew.iOS\RassavadaNew.iOS.csproj", "{151FD861-8CF4-4B1D-8535-17001B799AF3}"
EndProject
Project("{FAE04EC0-301F-11D3-BF4B-00C04F79EFBC}") = "RassavadaNew", "RassavadaNew\RassavadaNew.csproj", "{9F3CEA75-038B-424A-8193-5FCEF58EE16D}"
EndProject
Global
	GlobalSection(SolutionConfigurationPlatforms) = preSolution
		Debug|Any CPU = Debug|Any CPU
		Debug|ARM = Debug|ARM
		Debug|iPhone = Debug|iPhone
		Debug|iPhoneSimulator = Debug|iPhoneSimulator
		Debug|x64 = Debug|x64
		Debug|x86 = Debug|x86
		Release|Any CPU = Release|Any CPU
		Release|ARM = Release|ARM
		Release|iPhone = Release|iPhone
		Release|iPhoneSimulator = Release|iPhoneSimulator
		Release|x64 = Release|x64
		Release|x86 = Release|x86
	EndGlobalSection
	GlobalSection(ProjectConfigurationPlatforms) = postSolution
		{9F176EA1-5A9F-42CA-A71F-343AC4112DC9}.Debug|Any CPU.ActiveCfg = Debug|x86
		{9F176EA1-5A9F-42CA-A71F-343AC4112DC9}.Debug|Any CPU.Build.0 = Debug|x86
		{9F176EA1-5A9F-42CA-A71F-343AC4112DC9}.Debug|Any CPU.Deploy.0 = Debug|x86
		{9F176EA1-5A9F-42CA-A71F-343AC4112DC9}.Debug|ARM.ActiveCfg = Debug|ARM
		{9F176EA1-5A9F-42CA-A71F-343AC4112DC9}.Debug|ARM.Build.0 = Debug|ARM
		{9F176EA1-5A9F-42CA-A71F-343AC4112DC9}.Debug|ARM.Deploy.0 = Debug|ARM
		{9F176EA1-5A9F-42CA-A71F-343AC4112DC9}.Debug|iPhone.ActiveCfg = Debug|x86
		{9F176EA1-5A9F-42CA-A71F-343AC4112DC9}.Debug|iPhone.Build.0 = Debug|x86
		{9F176EA1-5A9F-42CA-A71F-343AC4112DC9}.Debug|iPhone.Deploy.0 = Debug|x86
		{9F176EA1-5A9F-42CA-A71F-343AC4112DC9}.Debug|iPhoneSimulator.ActiveCfg = Debug|x86
		{9F176EA1-5A9F-42CA-A71F-343AC4112DC9}.Debug|iPhoneSimulator.Build.0 = Debug|x86
		{9F176EA1-5A9F-42CA-A71F-343AC4112DC9}.Debug|iPhoneSimulator.Deploy.0 = Debug|x86
		{9F176EA1-5A9F-42CA-A71F-343AC4112DC9}.Debug|x64.ActiveCfg = Debug|x64
		{9F176EA1-5A9F-42CA-A71F-343AC4112DC9}.Debug|x64.Build.0 = Debug|x64
		{9F176EA1-5A9F-42CA-A71F-343AC4112DC9}.Debug|x64.Deploy.0 = Debug|x64
		{9F176EA1-5A9F-42CA-A71F-343AC4112DC9}.Debug|x86.ActiveCfg = Debug|x86
		{9F176EA1-5A9F-42CA-A71F-343AC4112DC9}.Debug|x86.Build.0 = Debug|x86
		{9F176EA1-5A9F-42CA-A71F-343AC4112DC9}.Debug|x86.Deploy.0 = Debug|x86
		{9F176EA1-5A9F-42CA-A71F-343AC4112DC9}.Release|Any CPU.ActiveCfg = Release|x86
		{9F176EA1-5A9F-42CA-A71F-343AC4112DC9}.Release|Any CPU.Build.0 = Release|x86
		{9F176EA1-5A9F-42CA-A71F-343AC4112DC9}.Release|Any CPU.Deploy.0 = Release|x86
		{9F176EA1-5A9F-42CA-A71F-343AC4112DC9}.Release|ARM.ActiveCfg = Release|ARM
		{9F176EA1-5A9F-42CA-A71F-343AC4112DC9}.Release|ARM.Build.0 = Release|ARM
		{9F176EA1-5A9F-42CA-A71F-343AC4112DC9}.Release|ARM.Deploy.0 = Release|ARM
		{9F176EA1-5A9F-42CA-A71F-343AC4112DC9}.Release|iPhone.ActiveCfg = Release|x86
		{9F176EA1-5A9F-42CA-A71F-343AC4112DC9}.Release|iPhone.Build.0 = Release|x86
		{9F176EA1-5A9F-42CA-A71F-343AC4112DC9}.Release|iPhone.Deploy.0 = Release|x86
		{9F176EA1-5A9F-42CA-A71F-343AC4112DC9}.Release|iPhoneSimulator.ActiveCfg = Release|x86
		{9F176EA1-5A9F-42CA-A71F-343AC4112DC9}.Release|iPhoneSimulator.Build.0 = Release|x86
		{9F176EA1-5A9F-42CA-A71F-343AC4112DC9}.Release|iPhoneSimulator.Deploy.0 = Release|x86
		{9F176EA1-5A9F-42CA-A71F-343AC4112DC9}.Release|x64.ActiveCfg = Release|x64
		{9F176EA1-5A9F-42CA-A71F-343AC4112DC9}.Release|x64.Build.0 = Release|x64
		{9F176EA1-5A9F-42CA-A71F-343AC4112DC9}.Release|x64.Deploy.0 = Release|x64
		{9F176EA1-5A9F-42CA-A71F-343AC4112DC9}.Release|x86.ActiveCfg = Release|x86
		{9F176EA1-5A9F-42CA-A71F-343AC4112DC9}.Release|x86.Build.0 = Release|x86
		{9F176EA1-5A9F-42CA-A71F-343AC4112DC9}.Release|x86.Deploy.0 = Release|x86
		{D055E659-035C-4107-92AB-1092729D873A}.Debug|Any CPU.ActiveCfg = Debug|Any CPU
		{D055E659-035C-4107-92AB-1092729D873A}.Debug|Any CPU.Build.0 = Debug|Any CPU
		{D055E659-035C-4107-92AB-1092729D873A}.Debug|Any CPU.Deploy.0 = Debug|Any CPU
		{D055E659-035C-4107-92AB-1092729D873A}.Debug|ARM.ActiveCfg = Debug|Any CPU
		{D055E659-035C-4107-92AB-1092729D873A}.Debug|ARM.Build.0 = Debug|Any CPU
		{D055E659-035C-4107-92AB-1092729D873A}.Debug|ARM.Deploy.0 = Debug|Any CPU
		{D055E659-035C-4107-92AB-1092729D873A}.Debug|iPhone.ActiveCfg = Debug|Any CPU
		{D055E659-035C-4107-92AB-1092729D873A}.Debug|iPhone.Build.0 = Debug|Any CPU
		{D055E659-035C-4107-92AB-1092729D873A}.Debug|iPhone.Deploy.0 = Debug|Any CPU
		{D055E659-035C-4107-92AB-1092729D873A}.Debug|iPhoneSimulator.ActiveCfg = Debug|Any CPU
		{D055E659-035C-4107-92AB-1092729D873A}.Debug|iPhoneSimulator.Build.0 = Debug|Any CPU
		{D055E659-035C-4107-92AB-1092729D873A}.Debug|iPhoneSimulator.Deploy.0 = Debug|Any CPU
		{D055E659-035C-4107-92AB-1092729D873A}.Debug|x64.ActiveCfg = Debug|Any CPU
		{D055E659-035C-4107-92AB-1092729D873A}.Debug|x64.Build.0 = Debug|Any CPU
		{D055E659-035C-4107-92AB-1092729D873A}.Debug|x64.Deploy.0 = Debug|Any CPU
		{D055E659-035C-4107-92AB-1092729D873A}.Debug|x86.ActiveCfg = Debug|Any CPU
		{D055E659-035C-4107-92AB-1092729D873A}.Debug|x86.Build.0 = Debug|Any CPU
		{D055E659-035C-4107-92AB-1092729D873A}.Debug|x86.Deploy.0 = Debug|Any CPU
		{D055E659-035C-4107-92AB-1092729D873A}.Release|Any CPU.ActiveCfg = Release|Any CPU
		{D055E659-035C-4107-92AB-1092729D873A}.Release|Any CPU.Build.0 = Release|Any CPU
		{D055E659-035C-4107-92AB-1092729D873A}.Release|Any CPU.Deploy.0 = Release|Any CPU
		{D055E659-035C-4107-92AB-1092729D873A}.Release|ARM.ActiveCfg = Release|Any CPU
		{D055E659-035C-4107-92AB-1092729D873A}.Release|ARM.Build.0 = Release|Any CPU
		{D055E659-035C-4107-92AB-1092729D873A}.Release|ARM.Deploy.0 = Release|Any CPU
		{D055E659-035C-4107-92AB-1092729D873A}.Release|iPhone.ActiveCfg = Release|Any CPU
		{D055E659-035C-4107-92AB-1092729D873A}.Release|iPhone.Build.0 = Release|Any CPU
		{D055E659-035C-4107-92AB-1092729D873A}.Release|iPhone.Deploy.0 = Release|Any CPU
		{D055E659-035C-4107-92AB-1092729D873A}.Release|iPhoneSimulator.ActiveCfg = Release|Any CPU
		{D055E659-035C-4107-92AB-1092729D873A}.Release|iPhoneSimulator.Build.0 = Release|Any CPU
		{D055E659-035C-4107-92AB-1092729D873A}.Release|iPhoneSimulator.Deploy.0 = Release|Any CPU
		{D055E659-035C-4107-92AB-1092729D873A}.Release|x64.ActiveCfg = Release|Any CPU
		{D055E659-035C-4107-92AB-1092729D873A}.Release|x64.Build.0 = Release|Any CPU
		{D055E659-035C-4107-92AB-1092729D873A}.Release|x64.Deploy.0 = Release|Any CPU
		{D055E659-035C-4107-92AB-1092729D873A}.Release|x86.ActiveCfg = Release|Any CPU
		{D055E659-035C-4107-92AB-1092729D873A}.Release|x86.Build.0 = Release|Any CPU
		{D055E659-035C-4107-92AB-1092729D873A}.Release|x86.Deploy.0 = Release|Any CPU
		{151FD861-8CF4-4B1D-8535-17001B799AF3}.Debug|Any CPU.ActiveCfg = Debug|iPhone
		{151FD861-8CF4-4B1D-8535-17001B799AF3}.Debug|Any CPU.Build.0 = Debug|iPhone
		{151FD861-8CF4-4B1D-8535-17001B799AF3}.Debug|Any CPU.Deploy.0 = Debug|iPhone
		{151FD861-8CF4-4B1D-8535-17001B799AF3}.Debug|ARM.ActiveCfg = Debug|iPhoneSimulator
		{151FD861-8CF4-4B1D-8535-17001B799AF3}.Debug|ARM.Build.0 = Debug|iPhoneSimulator
		{151FD861-8CF4-4B1D-8535-17001B799AF3}.Debug|ARM.Deploy.0 = Debug|iPhoneSimulator
		{151FD861-8CF4-4B1D-8535-17001B799AF3}.Debug|iPhone.ActiveCfg = Debug|iPhone
		{151FD861-8CF4-4B1D-8535-17001B799AF3}.Debug|iPhone.Build.0 = Debug|iPhone
		{151FD861-8CF4-4B1D-8535-17001B799AF3}.Debug|iPhone.Deploy.0 = Debug|iPhone
		{151FD861-8CF4-4B1D-8535-17001B799AF3}.Debug|iPhoneSimulator.ActiveCfg = Debug|iPhoneSimulator
		{151FD861-8CF4-4B1D-8535-17001B799AF3}.Debug|iPhoneSimulator.Build.0 = Debug|iPhoneSimulator
		{151FD861-8CF4-4B1D-8535-17001B799AF3}.Debug|iPhoneSimulator.Deploy.0 = Debug|iPhoneSimulator
		{151FD861-8CF4-4B1D-8535-17001B799AF3}.Debug|x64.ActiveCfg = Debug|iPhone
		{151FD861-8CF4-4B1D-8535-17001B799AF3}.Debug|x64.Build.0 = Debug|iPhone
		{151FD861-8CF4-4B1D-8535-17001B799AF3}.Debug|x64.Deploy.0 = Debug|iPhone
		{151FD861-8CF4-4B1D-8535-17001B799AF3}.Debug|x86.ActiveCfg = Debug|iPhone
		{151FD861-8CF4-4B1D-8535-17001B799AF3}.Debug|x86.Build.0 = Debug|iPhone
		{151FD861-8CF4-4B1D-8535-17001B799AF3}.Debug|x86.Deploy.0 = Debug|iPhone
		{151FD861-8CF4-4B1D-8535-17001B799AF3}.Release|Any CPU.ActiveCfg = Release|iPhone
		{151FD861-8CF4-4B1D-8535-17001B799AF3}.Release|Any CPU.Build.0 = Release|iPhone
		{151FD861-8CF4-4B1D-8535-17001B799AF3}.Release|Any CPU.Deploy.0 = Release|iPhone
		{151FD861-8CF4-4B1D-8535-17001B799AF3}.Release|ARM.ActiveCfg = Release|iPhone
		{151FD861-8CF4-4B1D-8535-17001B799AF3}.Release|ARM.Build.0 = Release|iPhone
		{151FD861-8CF4-4B1D-8535-17001B799AF3}.Release|ARM.Deploy.0 = Release|iPhone
		{151FD861-8CF4-4B1D-8535-17001B799AF3}.Release|iPhone.ActiveCfg = Release|iPhone
		{151FD861-8CF4-4B1D-8535-17001B799AF3}.Release|iPhone.Build.0 = Release|iPhone
		{151FD861-8CF4-4B1D-8535-17001B799AF3}.Release|iPhone.Deploy.0 = Release|iPhone
		{151FD861-8CF4-4B1D-8535-17001B799AF3}.Release|iPhoneSimulator.ActiveCfg = Release|iPhoneSimulator
		{151FD861-8CF4-4B1D-8535-17001B799AF3}.Release|iPhoneSimulator.Build.0 = Release|iPhoneSimulator
		{151FD861-8CF4-4B1D-8535-17001B799AF3}.Release|iPhoneSimulator.Deploy.0 = Release|iPhoneSimulator
		{151FD861-8CF4-4B1D-8535-17001B799AF3}.Release|x64.ActiveCfg = Release|iPhone
		{151FD861-8CF4-4B1D-8535-17001B799AF3}.Release|x64.Build.0 = Release|iPhone
		{151FD861-8CF4-4B1D-8535-17001B799AF3}.Release|x64.Deploy.0 = Release|iPhone
		{151FD861-8CF4-4B1D-8535-17001B799AF3}.Release|x86.ActiveCfg = Release|iPhone
		{151FD861-8CF4-4B1D-8535-17001B799AF3}.Release|x86.Build.0 = Release|iPhone
		{151FD861-8CF4-4B1D-8535-17001B799AF3}.Release|x86.Deploy.0 = Release|iPhone
		{9F3CEA75-038B-424A-8193-5FCEF58EE16D}.Debug|Any CPU.ActiveCfg = Debug|Any CPU
		{9F3CEA75-038B-424A-8193-5FCEF58EE16D}.Debug|Any CPU.Build.0 = Debug|Any CPU
		{9F3CEA75-038B-424A-8193-5FCEF58EE16D}.Debug|Any CPU.Deploy.0 = Debug|Any CPU
		{9F3CEA75-038B-424A-8193-5FCEF58EE16D}.Debug|ARM.ActiveCfg = Debug|Any CPU
		{9F3CEA75-038B-424A-8193-5FCEF58EE16D}.Debug|ARM.Build.0 = Debug|Any CPU
		{9F3CEA75-038B-424A-8193-5FCEF58EE16D}.Debug|ARM.Deploy.0 = Debug|Any CPU
		{9F3CEA75-038B-424A-8193-5FCEF58EE16D}.Debug|iPhone.ActiveCfg = Debug|Any CPU
		{9F3CEA75-038B-424A-8193-5FCEF58EE16D}.Debug|iPhone.Build.0 = Debug|Any CPU
		{9F3CEA75-038B-424A-8193-5FCEF58EE16D}.Debug|iPhone.Deploy.0 = Debug|Any CPU
		{9F3CEA75-038B-424A-8193-5FCEF58EE16D}.Debug|iPhoneSimulator.ActiveCfg = Debug|Any CPU
		{9F3CEA75-038B-424A-8193-5FCEF58EE16D}.Debug|iPhoneSimulator.Build.0 = Debug|Any CPU
		{9F3CEA75-038B-424A-8193-5FCEF58EE16D}.Debug|iPhoneSimulator.Deploy.0 = Debug|Any CPU
		{9F3CEA75-038B-424A-8193-5FCEF58EE16D}.Debug|x64.ActiveCfg = Debug|Any CPU
		{9F3CEA75-038B-424A-8193-5FCEF58EE16D}.Debug|x64.Build.0 = Debug|Any CPU
		{9F3CEA75-038B-424A-8193-5FCEF58EE16D}.Debug|x64.Deploy.0 = Debug|Any CPU
		{9F3CEA75-038B-424A-8193-5FCEF58EE16D}.Debug|x86.ActiveCfg = Debug|Any CPU
		{9F3CEA75-038B-424A-8193-5FCEF58EE16D}.Debug|x86.Build.0 = Debug|Any CPU
		{9F3CEA75-038B-424A-8193-5FCEF58EE16D}.Debug|x86.Deploy.0 = Debug|Any CPU
		{9F3CEA75-038B-424A-8193-5FCEF58EE16D}.Release|Any CPU.ActiveCfg = Release|Any CPU
		{9F3CEA75-038B-424A-8193-5FCEF58EE16D}.Release|Any CPU.Build.0 = Release|Any CPU
		{9F3CEA75-038B-424A-8193-5FCEF58EE16D}.Release|Any CPU.Deploy.0 = Release|Any CPU
		{9F3CEA75-038B-424A-8193-5FCEF58EE16D}.Release|ARM.ActiveCfg = Release|Any CPU
		{9F3CEA75-038B-424A-8193-5FCEF58EE16D}.Release|ARM.Build.0 = Release|Any CPU
		{9F3CEA75-038B-424A-8193-5FCEF58EE16D}.Release|ARM.Deploy.0 = Release|Any CPU
		{9F3CEA75-038B-424A-8193-5FCEF58EE16D}.Release|iPhone.ActiveCfg = Release|Any CPU
		{9F3CEA75-038B-424A-8193-5FCEF58EE16D}.Release|iPhone.Build.0 = Release|Any CPU
		{9F3CEA75-038B-424A-8193-5FCEF58EE16D}.Release|iPhone.Deploy.0 = Release|Any CPU
		{9F3CEA75-038B-424A-8193-5FCEF58EE16D}.Release|iPhoneSimulator.ActiveCfg = Release|Any CPU
		{9F3CEA75-038B-424A-8193-5FCEF58EE16D}.Release|iPhoneSimulator.Build.0 = Release|Any CPU
		{9F3CEA75-038B-424A-8193-5FCEF58EE16D}.Release|iPhoneSimulator.Deploy.0 = Release|Any CPU
		{9F3CEA75-038B-424A-8193-5FCEF58EE16D}.Release|x64.ActiveCfg = Release|Any CPU
		{9F3CEA75-038B-424A-8193-5FCEF58EE16D}.Release|x64.Build.0 = Release|Any CPU
		{9F3CEA75-038B-424A-8193-5FCEF58EE16D}.Release|x64.Deploy.0 = Release|Any CPU
		{9F3CEA75-038B-424A-8193-5FCEF58EE16D}.Release|x86.ActiveCfg = Release|Any CPU
		{9F3CEA75-038B-424A-8193-5FCEF58EE16D}.Release|x86.Build.0 = Release|Any CPU
		{9F3CEA75-038B-424A-8193-5FCEF58EE16D}.Release|x86.Deploy.0 = Release|Any CPU
	EndGlobalSection
	GlobalSection(SolutionProperties) = preSolution
		HideSolutionNode = FALSE
	EndGlobalSection
	GlobalSection(ExtensibilityGlobals) = postSolution
		SolutionGuid = {07AE7DBA-9162-4FED-8C0D-6EB578CAD631}
	EndGlobalSection
EndGlobal
